
Microsoft Visual Studio Solution File, Format Version 12.00
# Visual Studio Version 16
VisualStudioVersion = 16.0.30320.27
MinimumVisualStudioVersion = 10.0.40219.1
Project("{FAE04EC0-301F-11D3-BF4B-00C04F79EFBC}") = "AlphaTest", "AlphaTest\AlphaTest.csproj", "{4E5FFC86-BC8F-4666-BDE9-4FFBA13E8F69}"
EndProject
Global
	GlobalSection(SolutionConfigurationPlatforms) = preSolution
		Debug|Any CPU = Debug|Any CPU
		Debug|x64 = Debug|x64
		Debug|x86 = Debug|x86
		Release|Any CPU = Release|Any CPU
		Release|x64 = Release|x64
		Release|x86 = Release|x86
	EndGlobalSection
	GlobalSection(ProjectConfigurationPlatforms) = postSolution
		{4E5FFC86-BC8F-4666-BDE9-4FFBA13E8F69}.Debug|Any CPU.ActiveCfg = Debug|Any CPU
		{4E5FFC86-BC8F-4666-BDE9-4FFBA13E8F69}.Debug|Any CPU.Build.0 = Debug|Any CPU
		{4E5FFC86-BC8F-4666-BDE9-4FFBA13E8F69}.Debug|x64.ActiveCfg = Debug|x64
		{4E5FFC86-BC8F-4666-BDE9-4FFBA13E8F69}.Debug|x64.Build.0 = Debug|x64
		{4E5FFC86-BC8F-4666-BDE9-4FFBA13E8F69}.Debug|x86.ActiveCfg = Debug|x86
		{4E5FFC86-BC8F-4666-BDE9-4FFBA13E8F69}.Debug|x86.Build.0 = Debug|x86
		{4E5FFC86-BC8F-4666-BDE9-4FFBA13E8F69}.Release|Any CPU.ActiveCfg = Release|Any CPU
		{4E5FFC86-BC8F-4666-BDE9-4FFBA13E8F69}.Release|Any CPU.Build.0 = Release|Any CPU
		{4E5FFC86-BC8F-4666-BDE9-4FFBA13E8F69}.Release|x64.ActiveCfg = Release|x64
		{4E5FFC86-BC8F-4666-BDE9-4FFBA13E8F69}.Release|x64.Build.0 = Release|x64
		{4E5FFC86-BC8F-4666-BDE9-4FFBA13E8F69}.Release|x86.ActiveCfg = Release|x86
		{4E5FFC86-BC8F-4666-BDE9-4FFBA13E8F69}.Release|x86.Build.0 = Release|x86
	EndGlobalSection
	GlobalSection(SolutionProperties) = preSolution
		HideSolutionNode = FALSE
	EndGlobalSection
	GlobalSection(ExtensibilityGlobals) = postSolution
		SolutionGuid = {8F26CBF5-5EE5-47EA-B505-E98F9BBE31B1}
	EndGlobalSection
EndGlobal
